hash: 5775bab48284bc11750b5452703006b507017479ce397dfda7582683ddce1e3c
updated: 2018-01-03T13:57:50.006049+03:00
imports:
- name: github.com/boltdb/bolt
  version: 2f1ce7a837dcb8da3ec595b1dac9d0632f0f99e8
- name: github.com/pkg/errors
  version: 645ef00459ed84a119197bfb8d8205042c6df63d
testImports: []
